// !$*UTF8*$!
{
	archiveVersion = 1;
	classes = {
	};
	objectVersion = 56;
	objects = {

/* Begin PBXBuildFile section */
		0B37474A2B346C2B00C1ACB2 /* AppDelegate.swift in Sources */ = {isa = PBXBuildFile; fileRef = 0B3747492B346C2B00C1ACB2 /* AppDelegate.swift */; };
		0B37474C2B346C2B00C1ACB2 /* SceneDelegate.swift in Sources */ = {isa = PBXBuildFile; fileRef = 0B37474B2B346C2B00C1ACB2 /* SceneDelegate.swift */; };
		0B37474E2B346C2B00C1ACB2 /* ViewController.swift in Sources */ = {isa = PBXBuildFile; fileRef = 0B37474D2B346C2B00C1ACB2 /* ViewController.swift */; };
		0B3747532B346C2C00C1ACB2 /* Assets.xcassets in Resources */ = {isa = PBXBuildFile; fileRef = 0B3747522B346C2C00C1ACB2 /* Assets.xcassets */; };
		0B3747562B346C2C00C1ACB2 /* LaunchScreen.storyboard in Resources */ = {isa = PBXBuildFile; fileRef = 0B3747542B346C2C00C1ACB2 /* LaunchScreen.storyboard */; };
		0B3747612B34732C00C1ACB2 /* Welcome.storyboard in Resources */ = {isa = PBXBuildFile; fileRef = 0B3747602B34732C00C1ACB2 /* Welcome.storyboard */; };
		0BB215612B385D5000DDAC4D /* WelcomeViewController.swift in Sources */ = {isa = PBXBuildFile; fileRef = 0BB215602B385D5000DDAC4D /* WelcomeViewController.swift */; };
		0BB215632B385D5A00DDAC4D /* LoginViewController.swift in Sources */ = {isa = PBXBuildFile; fileRef = 0BB215622B385D5A00DDAC4D /* LoginViewController.swift */; };
		0BB215652B385D7600DDAC4D /* RegisterViewController.swift in Sources */ = {isa = PBXBuildFile; fileRef = 0BB215642B385D7600DDAC4D /* RegisterViewController.swift */; };
		D1E8C3CEF2B9C7DDBF65FD52 /* Pods_PlatziTweets.framework in Frameworks */ = {isa = PBXBuildFile; fileRef = 0B718483571CDF829C950A61 /* Pods_PlatziTweets.framework */; };
/* End PBXBuildFile section */

/* Begin PBXFileReference section */
		0B3747462B346C2B00C1ACB2 /* PlatziTweets.app */ = {isa = PBXFileReference; explicitFileType = wrapper.application; includeInIndex = 0; path = PlatziTweets.app; sourceTree = BUILT_PRODUCTS_DIR; };
		0B3747492B346C2B00C1ACB2 /* AppDelegate.swift */ = {isa = PBXFileReference; lastKnownFileType = sourcecode.swift; path = AppDelegate.swift; sourceTree = "<group>"; };
		0B37474B2B346C2B00C1ACB2 /* SceneDelegate.swift */ = {isa = PBXFileReference; lastKnownFileType = sourcecode.swift; path = SceneDelegate.swift; sourceTree = "<group>"; };
		0B37474D2B346C2B00C1ACB2 /* ViewController.swift */ = {isa = PBXFileReference; lastKnownFileType = sourcecode.swift; path = ViewController.swift; sourceTree = "<group>"; };
		0B3747522B346C2C00C1ACB2 /* Assets.xcassets */ = {isa = PBXFileReference; lastKnownFileType = folder.assetcatalog; path = Assets.xcassets; sourceTree = "<group>"; };
		0B3747552B346C2C00C1ACB2 /* Base */ = {isa = PBXFileReference; lastKnownFileType = file.storyboard; name = Base; path = Base.lproj/LaunchScreen.storyboard; sourceTree = "<group>"; };
		0B3747572B346C2C00C1ACB2 /* Info.plist */ = {isa = PBXFileReference; lastKnownFileType = text.plist.xml; path = Info.plist; sourceTree = "<group>"; };
		0B3747602B34732C00C1ACB2 /* Welcome.storyboard */ = {isa = PBXFileReference; lastKnownFileType = file.storyboard; path = Welcome.storyboard; sourceTree = "<group>"; };
		0B718483571CDF829C950A61 /* Pods_PlatziTweets.framework */ = {isa = PBXFileReference; explicitFileType = wrapper.framework; includeInIndex = 0; path = Pods_PlatziTweets.framework; sourceTree = BUILT_PRODUCTS_DIR; };
		0BB215602B385D5000DDAC4D /* WelcomeViewController.swift */ = {isa = PBXFileReference; lastKnownFileType = sourcecode.swift; path = WelcomeViewController.swift; sourceTree = "<group>"; };
		0BB215622B385D5A00DDAC4D /* LoginViewController.swift */ = {isa = PBXFileReference; lastKnownFileType = sourcecode.swift; path = LoginViewController.swift; sourceTree = "<group>"; };
		0BB215642B385D7600DDAC4D /* RegisterViewController.swift */ = {isa = PBXFileReference; lastKnownFileType = sourcecode.swift; path = RegisterViewController.swift; sourceTree = "<group>"; };
		237F586822651AD4361E5C26 /* Pods-PlatziTweets.release.xcconfig */ = {isa = PBXFileReference; includeInIndex = 1; lastKnownFileType = text.xcconfig; name = "Pods-PlatziTweets.release.xcconfig"; path = "Target Support Files/Pods-PlatziTweets/Pods-PlatziTweets.release.xcconfig"; sourceTree = "<group>"; };
		C25C80DC898666260107E387 /* Pods-PlatziTweets.debug.xcconfig */ = {isa = PBXFileReference; includeInIndex = 1; lastKnownFileType = text.xcconfig; name = "Pods-PlatziTweets.debug.xcconfig"; path = "Target Support Files/Pods-PlatziTweets/Pods-PlatziTweets.debug.xcconfig"; sourceTree = "<group>"; };
/* End PBXFileReference section */

/* Begin PBXFrameworksBuildPhase section */
		0B3747432B346C2B00C1ACB2 /* Frameworks */ = {
			isa = PBXFrameworksBuildPhase;
			buildActionMask = 2147483647;
			files = (
				D1E8C3CEF2B9C7DDBF65FD52 /* Pods_PlatziTweets.framework in Frameworks */,
			);
			runOnlyForDeploymentPostprocessing = 0;
		};
/* End PBXFrameworksBuildPhase section */

/* Begin PBXGroup section */
		0B37473D2B346C2B00C1ACB2 = {
			isa = PBXGroup;
			children = (
				0B3747482B346C2B00C1ACB2 /* PlatziTweets */,
				0B3747472B346C2B00C1ACB2 /* Products */,
				A7E47B33D138EE109C91B62D /* Pods */,
				1B87ED91F61129CF2766EFCA /* Frameworks */,
			);
			sourceTree = "<group>";
		};
		0B3747472B346C2B00C1ACB2 /* Products */ = {
			isa = PBXGroup;
			children = (
				0B3747462B346C2B00C1ACB2 /* PlatziTweets.app */,
			);
			name = Products;
			sourceTree = "<group>";
		};
		0B3747482B346C2B00C1ACB2 /* PlatziTweets */ = {
			isa = PBXGroup;
			children = (
				0B37475E2B3472DB00C1ACB2 /* Modules */,
				0B37475D2B3472BB00C1ACB2 /* Commons */,
				0B3747572B346C2C00C1ACB2 /* Info.plist */,
			);
			path = PlatziTweets;
			sourceTree = "<group>";
		};
		0B37475D2B3472BB00C1ACB2 /* Commons */ = {
			isa = PBXGroup;
			children = (
				0B3747492B346C2B00C1ACB2 /* AppDelegate.swift */,
				0B37474B2B346C2B00C1ACB2 /* SceneDelegate.swift */,
				0B37474D2B346C2B00C1ACB2 /* ViewController.swift */,
				0B3747522B346C2C00C1ACB2 /* Assets.xcassets */,
				0B3747542B346C2C00C1ACB2 /* LaunchScreen.storyboard */,
			);
			path = Commons;
			sourceTree = "<group>";
		};
		0B37475E2B3472DB00C1ACB2 /* Modules */ = {
			isa = PBXGroup;
			children = (
				0B37475F2B34731000C1ACB2 /* Welcome */,
			);
			path = Modules;
			sourceTree = "<group>";
		};
		0B37475F2B34731000C1ACB2 /* Welcome */ = {
			isa = PBXGroup;
			children = (
				0B3747602B34732C00C1ACB2 /* Welcome.storyboard */,
				0BB215602B385D5000DDAC4D /* WelcomeViewController.swift */,
				0BB215622B385D5A00DDAC4D /* LoginViewController.swift */,
				0BB215642B385D7600DDAC4D /* RegisterViewController.swift */,
			);
			path = Welcome;
			sourceTree = "<group>";
		};
		1B87ED91F61129CF2766EFCA /* Frameworks */ = {
			isa = PBXGroup;
			children = (
				0B718483571CDF829C950A61 /* Pods_PlatziTweets.framework */,
			);
			name = Frameworks;
			sourceTree = "<group>";
		};
		A7E47B33D138EE109C91B62D /* Pods */ = {
			isa = PBXGroup;
			children = (
				C25C80DC898666260107E387 /* Pods-PlatziTweets.debug.xcconfig */,
				237F586822651AD4361E5C26 /* Pods-PlatziTweets.release.xcconfig */,
			);
			path = Pods;
			sourceTree = "<group>";
		};
/* End PBXGroup section */

/* Begin PBXNativeTarget section */
		0B3747452B346C2B00C1ACB2 /* PlatziTweets */ = {
			isa = PBXNativeTarget;
			buildConfigurationList = 0B37475A2B346C2C00C1ACB2 /* Build configuration list for PBXNativeTarget "PlatziTweets" */;
			buildPhases = (
				92227365673F4F48A0FCEA98 /* [CP] Check Pods Manifest.lock */,
				0B3747422B346C2B00C1ACB2 /* Sources */,
				0B3747432B346C2B00C1ACB2 /* Frameworks */,
				0B3747442B346C2B00C1ACB2 /* Resources */,
				D71CAB4A00D2BF991EFD37E9 /* [CP] Embed Pods Frameworks */,
			);
			buildRules = (
			);
			dependencies = (
			);
			name = PlatziTweets;
			productName = PlatziTweets;
			productReference = 0B3747462B346C2B00C1ACB2 /* PlatziTweets.app */;
			productType = "com.apple.product-type.application";
		};
/* End PBXNativeTarget section */

/* Begin PBXProject section */
		0B37473E2B346C2B00C1ACB2 /* Project object */ = {
			isa = PBXProject;
			attributes = {
				BuildIndependentTargetsInParallel = 1;
				LastSwiftUpdateCheck = 1430;
				LastUpgradeCheck = 1430;
				TargetAttributes = {
					0B3747452B346C2B00C1ACB2 = {
						CreatedOnToolsVersion = 14.3;
					};
				};
			};
			buildConfigurationList = 0B3747412B346C2B00C1ACB2 /* Build configuration list for PBXProject "PlatziTweets" */;
			compatibilityVersion = "Xcode 14.0";
			developmentRegion = en;
			hasScannedForEncodings = 0;
			knownRegions = (
				en,
				Base,
			);
			mainGroup = 0B37473D2B346C2B00C1ACB2;
			productRefGroup = 0B3747472B346C2B00C1ACB2 /* Products */;
			projectDirPath = "";
			projectRoot = "";
			targets = (
				0B3747452B346C2B00C1ACB2 /* PlatziTweets */,
			);
		};
/* End PBXProject section */

/* Begin PBXResourcesBuildPhase section */
		0B3747442B346C2B00C1ACB2 /* Resources */ = {
			isa = PBXResourcesBuildPhase;
			buildActionMask = 2147483647;
			files = (
				0B3747562B346C2C00C1ACB2 /* LaunchScreen.storyboard in Resources */,
				0B3747532B346C2C00C1ACB2 /* Assets.xcassets in Resources */,
				0B3747612B34732C00C1ACB2 /* Welcome.storyboard in Resources */,
			);
			runOnlyForDeploymentPostprocessing = 0;
		};
/* End PBXResourcesBuildPhase section */

/* Begin PBXShellScriptBuildPhase section */
		92227365673F4F48A0FCEA98 /* [CP] Check Pods Manifest.lock */ = {
			isa = PBXShellScriptBuildPhase;
			buildActionMask = 2147483647;
			files = (
			);
			inputFileListPaths = (
			);
			inputPaths = (
				"${PODS_PODFILE_DIR_PATH}/Podfile.lock",
				"${PODS_ROOT}/Manifest.lock",
			);
			name = "[CP] Check Pods Manifest.lock";
			outputFileListPaths = (
			);
			outputPaths = (
				"$(DERIVED_FILE_DIR)/Pods-PlatziTweets-checkManifestLockResult.txt",
			);
			runOnlyForDeploymentPostprocessing = 0;
			shellPath = /bin/sh;
			shellScript = "diff \"${PODS_PODFILE_DIR_PATH}/Podfile.lock\" \"${PODS_ROOT}/Manifest.lock\" > /dev/null\nif [ $? != 0 ] ; then\n    # print error to STDERR\n    echo \"error: The sandbox is not in sync with the Podfile.lock. Run 'pod install' or update your CocoaPods installation.\" >&2\n    exit 1\nfi\n# This output is used by Xcode 'outputs' to avoid re-running this script phase.\necho \"SUCCESS\" > \"${SCRIPT_OUTPUT_FILE_0}\"\n";
			showEnvVarsInLog = 0;
		};
		D71CAB4A00D2BF991EFD37E9 /* [CP] Embed Pods Frameworks */ = {
			isa = PBXShellScriptBuildPhase;
			buildActionMask = 2147483647;
			files = (
			);
			inputFileListPaths = (
				"${PODS_ROOT}/Target Support Files/Pods-PlatziTweets/Pods-PlatziTweets-frameworks-${CONFIGURATION}-input-files.xcfilelist",
			);
			name = "[CP] Embed Pods Frameworks";
			outputFileListPaths = (
				"${PODS_ROOT}/Target Support Files/Pods-PlatziTweets/Pods-PlatziTweets-frameworks-${CONFIGURATION}-output-files.xcfilelist",
			);
			runOnlyForDeploymentPostprocessing = 0;
			shellPath = /bin/sh;
			shellScript = "\"${PODS_ROOT}/Target Support Files/Pods-PlatziTweets/Pods-PlatziTweets-frameworks.sh\"\n";
			showEnvVarsInLog = 0;
		};
/* End PBXShellScriptBuildPhase section */

/* Begin PBXSourcesBuildPhase section */
		0B3747422B346C2B00C1ACB2 /* Sources */ = {
			isa = PBXSourcesBuildPhase;
			buildActionMask = 2147483647;
			files = (
				0B37474E2B346C2B00C1ACB2 /* ViewController.swift in Sources */,
				0BB215612B385D5000DDAC4D /* WelcomeViewController.swift in Sources */,
				0B37474A2B346C2B00C1ACB2 /* AppDelegate.swift in Sources */,
				0BB215652B385D7600DDAC4D /* RegisterViewController.swift in Sources */,
				0BB215632B385D5A00DDAC4D /* LoginViewController.swift in Sources */,
				0B37474C2B346C2B00C1ACB2 /* SceneDelegate.swift in Sources */,
			);
			runOnlyForDeploymentPostprocessing = 0;
		};
/* End PBXSourcesBuildPhase section */

/* Begin PBXVariantGroup section */
		0B3747542B346C2C00C1ACB2 /* LaunchScreen.storyboard */ = {
			isa = PBXVariantGroup;
			children = (
				0B3747552B346C2C00C1ACB2 /* Base */,
			);
			name = LaunchScreen.storyboard;
			sourceTree = "<group>";
		};
/* End PBXVariantGroup section */

/* Begin XCBuildConfiguration section */
		0B3747582B346C2C00C1ACB2 /* Debug */ = {
			isa = XCBuildConfiguration;
			buildSettings = {
				ALWAYS_SEARCH_USER_PATHS = NO;
				CLANG_ANALYZER_NONNULL = YES;
				CLANG_ANALYZER_NUMBER_OBJECT_CONVERSION = YES_AGGRESSIVE;
				CLANG_CXX_LANGUAGE_STANDARD = "gnu++20";
				CLANG_ENABLE_MODULES = YES;
				CLANG_ENABLE_OBJC_ARC = YES;
				CLANG_ENABLE_OBJC_WEAK = YES;
				CLANG_WARN_BLOCK_CAPTURE_AUTORELEASING = YES;
				CLANG_WARN_BOOL_CONVERSION = YES;
				CLANG_WARN_COMMA = YES;
				CLANG_WARN_CONSTANT_CONVERSION = YES;
				CLANG_WARN_DEPRECATED_OBJC_IMPLEMENTATIONS = YES;
				CLANG_WARN_DIRECT_OBJC_ISA_USAGE = YES_ERROR;
				CLANG_WARN_DOCUMENTATION_COMMENTS = YES;
				CLANG_WARN_EMPTY_BODY = YES;
				CLANG_WARN_ENUM_CONVERSION = YES;
				CLANG_WARN_INFINITE_RECURSION = YES;
				CLANG_WARN_INT_CONVERSION = YES;
				CLANG_WARN_NON_LITERAL_NULL_CONVERSION = YES;
				CLANG_WARN_OBJC_IMPLICIT_RETAIN_SELF = YES;
				CLANG_WARN_OBJC_LITERAL_CONVERSION = YES;
				CLANG_WARN_OBJC_ROOT_CLASS = YES_ERROR;
				CLANG_WARN_QUOTED_INCLUDE_IN_FRAMEWORK_HEADER = YES;
				CLANG_WARN_RANGE_LOOP_ANALYSIS = YES;
				CLANG_WARN_STRICT_PROTOTYPES = YES;
				CLANG_WARN_SUSPICIOUS_MOVE = YES;
				CLANG_WARN_UNGUARDED_AVAILABILITY = YES_AGGRESSIVE;
				CLANG_WARN_UNREACHABLE_CODE = YES;
				CLANG_WARN__DUPLICATE_METHOD_MATCH = YES;
				COPY_PHASE_STRIP = NO;
				DEBUG_INFORMATION_FORMAT = dwarf;
				ENABLE_STRICT_OBJC_MSGSEND = YES;
				ENABLE_TESTABILITY = YES;
				GCC_C_LANGUAGE_STANDARD = gnu11;
				GCC_DYNAMIC_NO_PIC = NO;
				GCC_NO_COMMON_BLOCKS = YES;
				GCC_OPTIMIZATION_LEVEL = 0;
				GCC_PREPROCESSOR_DEFINITIONS = (
					"DEBUG=1",
					"$(inherited)",
				);
				GCC_WARN_64_TO_32_BIT_CONVERSION = YES;
				GCC_WARN_ABOUT_RETURN_TYPE = YES_ERROR;
				GCC_WARN_UNDECLARED_SELECTOR = YES;
				GCC_WARN_UNINITIALIZED_AUTOS = YES_AGGRESSIVE;
				GCC_WARN_UNUSED_FUNCTION = YES;
				GCC_WARN_UNUSED_VARIABLE = YES;
				IPHONEOS_DEPLOYMENT_TARGET = 16.4;
				MTL_ENABLE_DEBUG_INFO = INCLUDE_SOURCE;
				MTL_FAST_MATH = YES;
				ONLY_ACTIVE_ARCH = YES;
				SDKROOT = iphoneos;
				SWIFT_ACTIVE_COMPILATION_CONDITIONS = DEBUG;
				SWIFT_OPTIMIZATION_LEVEL = "-Onone";
			};
			name = Debug;
		};
		0B3747592B346C2C00C1ACB2 /* Release */ = {
			isa = XCBuildConfiguration;
			buildSettings = {
				ALWAYS_SEARCH_USER_PATHS = NO;
				CLANG_ANALYZER_NONNULL = YES;
				CLANG_ANALYZER_NUMBER_OBJECT_CONVERSION = YES_AGGRESSIVE;
				CLANG_CXX_LANGUAGE_STANDARD = "gnu++20";
				CLANG_ENABLE_MODULES = YES;
				CLANG_ENABLE_OBJC_ARC = YES;
				CLANG_ENABLE_OBJC_WEAK = YES;
				CLANG_WARN_BLOCK_CAPTURE_AUTORELEASING = YES;
				CLANG_WARN_BOOL_CONVERSION = YES;
				CLANG_WARN_COMMA = YES;
				CLANG_WARN_CONSTANT_CONVERSION = YES;
				CLANG_WARN_DEPRECATED_OBJC_IMPLEMENTATIONS = YES;
				CLANG_WARN_DIRECT_OBJC_ISA_USAGE = YES_ERROR;
				CLANG_WARN_DOCUMENTATION_COMMENTS = YES;
				CLANG_WARN_EMPTY_BODY = YES;
				CLANG_WARN_ENUM_CONVERSION = YES;
				CLANG_WARN_INFINITE_RECURSION = YES;
				CLANG_WARN_INT_CONVERSION = YES;
				CLANG_WARN_NON_LITERAL_NULL_CONVERSION = YES;
				CLANG_WARN_OBJC_IMPLICIT_RETAIN_SELF = YES;
				CLANG_WARN_OBJC_LITERAL_CONVERSION = YES;
				CLANG_WARN_OBJC_ROOT_CLASS = YES_ERROR;
				CLANG_WARN_QUOTED_INCLUDE_IN_FRAMEWORK_HEADER = YES;
				CLANG_WARN_RANGE_LOOP_ANALYSIS = YES;
				CLANG_WARN_STRICT_PROTOTYPES = YES;
				CLANG_WARN_SUSPICIOUS_MOVE = YES;
				CLANG_WARN_UNGUARDED_AVAILABILITY = YES_AGGRESSIVE;
				CLANG_WARN_UNREACHABLE_CODE = YES;
				CLANG_WARN__DUPLICATE_METHOD_MATCH = YES;
				COPY_PHASE_STRIP = NO;
				DEBUG_INFORMATION_FORMAT = "dwarf-with-dsym";
				ENABLE_NS_ASSERTIONS = NO;
				ENABLE_STRICT_OBJC_MSGSEND = YES;
				GCC_C_LANGUAGE_STANDARD = gnu11;
				GCC_NO_COMMON_BLOCKS = YES;
				GCC_WARN_64_TO_32_BIT_CONVERSION = YES;
				GCC_WARN_ABOUT_RETURN_TYPE = YES_ERROR;
				GCC_WARN_UNDECLARED_SELECTOR = YES;
				GCC_WARN_UNINITIALIZED_AUTOS = YES_AGGRESSIVE;
				GCC_WARN_UNUSED_FUNCTION = YES;
				GCC_WARN_UNUSED_VARIABLE = YES;
				IPHONEOS_DEPLOYMENT_TARGET = 16.4;
				MTL_ENABLE_DEBUG_INFO = NO;
				MTL_FAST_MATH = YES;
				SDKROOT = iphoneos;
				SWIFT_COMPILATION_MODE = wholemodule;
				SWIFT_OPTIMIZATION_LEVEL = "-O";
				VALIDATE_PRODUCT = YES;
			};
			name = Release;
		};
		0B37475B2B346C2C00C1ACB2 /* Debug */ = {
			isa = XCBuildConfiguration;
			baseConfigurationReference = C25C80DC898666260107E387 /* Pods-PlatziTweets.debug.xcconfig */;
			buildSettings = {
				ASSETCATALOG_COMPILER_APPICON_NAME = AppIcon;
				ASSETCATALOG_COMPILER_GLOBAL_ACCENT_COLOR_NAME = AccentColor;
				CODE_SIGN_STYLE = Automatic;
				CURRENT_PROJECT_VERSION = 1;
				GENERATE_INFOPLIST_FILE = YES;
				INFOPLIST_FILE = PlatziTweets/Info.plist;
				INFOPLIST_KEY_UIApplicationSupportsIndirectInputEvents = YES;
				INFOPLIST_KEY_UILaunchStoryboardName = Welcome.storyboard;
				INFOPLIST_KEY_UIMainStoryboardFile = Welcome;
				INFOPLIST_KEY_UISupportedInterfaceOrientations = "UIInterfaceOrientationLandscapeLeft UIInterfaceOrientationLandscapeRight UIInterfaceOrientationPortrait";
				INFOPLIST_KEY_UISupportedInterfaceOrientations_iPad = UIInterfaceOrientationPortrait;
				LD_RUNPATH_SEARCH_PATHS = (
					"$(inherited)",
					"@executable_path/Frameworks",
				);
				MARKETING_VERSION = 1.0;
				PRODUCT_BUNDLE_IDENTIFIER = dev.ahuaman.PlatziTweets;
				PRODUCT_NAME = "$(TARGET_NAME)";
				SWIFT_EMIT_LOC_STRINGS = YES;
				SWIFT_VERSION = 5.0;
				TARGETED_DEVICE_FAMILY = "1,2";
			};
			name = Debug;
		};
		0B37475C2B346C2C00C1ACB2 /* Release */ = {
			isa = XCBuildConfiguration;
			baseConfigurationReference = 237F586822651AD4361E5C26 /* Pods-PlatziTweets.release.xcconfig */;
			buildSettings = {
				ASSETCATALOG_COMPILER_APPICON_NAME = AppIcon;
				ASSETCATALOG_COMPILER_GLOBAL_ACCENT_COLOR_NAME = AccentColor;
				CODE_SIGN_STYLE = Automatic;
				CURRENT_PROJECT_VERSION = 1;
				GENERATE_INFOPLIST_FILE = YES;
				INFOPLIST_FILE = PlatziTweets/Info.plist;
				INFOPLIST_KEY_UIApplicationSupportsIndirectInputEvents = YES;
				INFOPLIST_KEY_UILaunchStoryboardName = Welcome.storyboard;
				INFOPLIST_KEY_UIMainStoryboardFile = Welcome;
				INFOPLIST_KEY_UISupportedInterfaceOrientations = "UIInterfaceOrientationLandscapeLeft UIInterfaceOrientationLandscapeRight UIInterfaceOrientationPortrait";
				INFOPLIST_KEY_UISupportedInterfaceOrientations_iPad = UIInterfaceOrientationPortrait;
				LD_RUNPATH_SEARCH_PATHS = (
					"$(inherited)",
					"@executable_path/Frameworks",
				);
				MARKETING_VERSION = 1.0;
				PRODUCT_BUNDLE_IDENTIFIER = dev.ahuaman.PlatziTweets;
				PRODUCT_NAME = "$(TARGET_NAME)";
				SWIFT_EMIT_LOC_STRINGS = YES;
				SWIFT_VERSION = 5.0;
				TARGETED_DEVICE_FAMILY = "1,2";
			};
			name = Release;
		};
/* End XCBuildConfiguration section */

/* Begin XCConfigurationList section */
		0B3747412B346C2B00C1ACB2 /* Build configuration list for PBXProject "PlatziTweets" */ = {
			isa = XCConfigurationList;
			buildConfigurations = (
				0B3747582B346C2C00C1ACB2 /* Debug */,
				0B3747592B346C2C00C1ACB2 /* Release */,
			);
			defaultConfigurationIsVisible = 0;
			defaultConfigurationName = Release;
		};
		0B37475A2B346C2C00C1ACB2 /* Build configuration list for PBXNativeTarget "PlatziTweets" */ = {
			isa = XCConfigurationList;
			buildConfigurations = (
				0B37475B2B346C2C00C1ACB2 /* Debug */,
				0B37475C2B346C2C00C1ACB2 /* Release */,
			);
			defaultConfigurationIsVisible = 0;
			defaultConfigurationName = Release;
		};
/* End XCConfigurationList section */
	};
	rootObject = 0B37473E2B346C2B00C1ACB2 /* Project object */;
}
